// !$*UTF8*$!
{
	archiveVersion = 1;
	classes = {
	};
	objectVersion = 51;
	objects = {

/* Begin PBXBuildFile section */
		23F98B4B6C7437908966519E /* Pods_Appstore_Jeeeun.framework in Frameworks */ = {isa = PBXBuildFile; fileRef = DF548AAB7C96FB27D795243E /* Pods_Appstore_Jeeeun.framework */; };
		4E19CAEA24EF77DC004E0AB5 /* WordTableViewController.swift in Sources */ = {isa = PBXBuildFile; fileRef = 4E19CAE924EF77DC004E0AB5 /* WordTableViewController.swift */; };
		4E19CAEC24EF7B63004E0AB5 /* WordTextViewCell.swift in Sources */ = {isa = PBXBuildFile; fileRef = 4E19CAEB24EF7B63004E0AB5 /* WordTextViewCell.swift */; };
		4E707DE724F0C7C3004F52B9 /* RecommendedWordCell.swift in Sources */ = {isa = PBXBuildFile; fileRef = 4E707DE624F0C7C3004F52B9 /* RecommendedWordCell.swift */; };
		4EA541FF24EE999F00EDB4A1 /* DefaultsKeys.swift in Sources */ = {isa = PBXBuildFile; fileRef = 4EA541FE24EE999F00EDB4A1 /* DefaultsKeys.swift */; };
		4EA5420124EEA2B500EDB4A1 /* RecentSearchCell.swift in Sources */ = {isa = PBXBuildFile; fileRef = 4EA5420024EEA2B500EDB4A1 /* RecentSearchCell.swift */; };
		4EB1C4BB24F0E05100C51A65 /* SearchResultCell.swift in Sources */ = {isa = PBXBuildFile; fileRef = 4EB1C4BA24F0E05100C51A65 /* SearchResultCell.swift */; };
		4EB1C4BE24F0F3C300C51A65 /* Ex+UIImageView.swift in Sources */ = {isa = PBXBuildFile; fileRef = 4EB1C4BD24F0F3C300C51A65 /* Ex+UIImageView.swift */; };
		4EB1C4C124F0FC9600C51A65 /* SelectedAppController.swift in Sources */ = {isa = PBXBuildFile; fileRef = 4EB1C4C024F0FC9600C51A65 /* SelectedAppController.swift */; };
		4EB1C4C324F0FF2C00C51A65 /* Reviews.swift in Sources */ = {isa = PBXBuildFile; fileRef = 4EB1C4C224F0FF2C00C51A65 /* Reviews.swift */; };
		4EB1C4C524F107AE00C51A65 /* DetailInfoCell.swift in Sources */ = {isa = PBXBuildFile; fileRef = 4EB1C4C424F107AE00C51A65 /* DetailInfoCell.swift */; };
		4EB1C4C924F117A600C51A65 /* ScreenshotsController.swift in Sources */ = {isa = PBXBuildFile; fileRef = 4EB1C4C824F117A600C51A65 /* ScreenshotsController.swift */; };
		4EB1C4CB24F1200C00C51A65 /* PreScreenshotMainCell.swift in Sources */ = {isa = PBXBuildFile; fileRef = 4EB1C4CA24F1200C00C51A65 /* PreScreenshotMainCell.swift */; };
		4EDFA31824F2B3F100EEB991 /* ReviewsDetailController.swift in Sources */ = {isa = PBXBuildFile; fileRef = 4EDFA31724F2B3F100EEB991 /* ReviewsDetailController.swift */; };
		4EDFA31A24F2B47C00EEB991 /* ReviewListCell.swift in Sources */ = {isa = PBXBuildFile; fileRef = 4EDFA31924F2B47C00EEB991 /* ReviewListCell.swift */; };
		4EDFA31C24F2B64D00EEB991 /* ReviewCell.swift in Sources */ = {isa = PBXBuildFile; fileRef = 4EDFA31B24F2B64D00EEB991 /* ReviewCell.swift */; };
		4EE10EBD24EE51B30049E79E /* AppDelegate.swift in Sources */ = {isa = PBXBuildFile; fileRef = 4EE10EBC24EE51B30049E79E /* AppDelegate.swift */; };
		4EE10EC424EE51B30049E79E /* Main.storyboard in Resources */ = {isa = PBXBuildFile; fileRef = 4EE10EC224EE51B30049E79E /* Main.storyboard */; };
		4EE10EC624EE51B50049E79E /* Assets.xcassets in Resources */ = {isa = PBXBuildFile; fileRef = 4EE10EC524EE51B50049E79E /* Assets.xcassets */; };
		4EE10EC924EE51B50049E79E /* LaunchScreen.storyboard in Resources */ = {isa = PBXBuildFile; fileRef = 4EE10EC724EE51B50049E79E /* LaunchScreen.storyboard */; };
		4EE10ED224EE52950049E79E /* MainTabController.swift in Sources */ = {isa = PBXBuildFile; fileRef = 4EE10ED124EE52950049E79E /* MainTabController.swift */; };
		4EE10EDE24EE5AD50049E79E /* SearchViewController.swift in Sources */ = {isa = PBXBuildFile; fileRef = 4EE10EDD24EE5AD50049E79E /* SearchViewController.swift */; };
		4EE10EE824EE7C6C0049E79E /* FetchData.swift in Sources */ = {isa = PBXBuildFile; fileRef = 4EE10EE724EE7C6C0049E79E /* FetchData.swift */; };
		4EE10EEB24EE7CBA0049E79E /* SearchResult.swift in Sources */ = {isa = PBXBuildFile; fileRef = 4EE10EEA24EE7CBA0049E79E /* SearchResult.swift */; };
		4EE10EEE24EE819D0049E79E /* UIView+Layout.swift in Sources */ = {isa = PBXBuildFile; fileRef = 4EE10EED24EE819D0049E79E /* UIView+Layout.swift */; };
/* End PBXBuildFile section */

/* Begin PBXFileReference section */
		4E19CAE924EF77DC004E0AB5 /* WordTableViewController.swift */ = {isa = PBXFileReference; lastKnownFileType = sourcecode.swift; path = WordTableViewController.swift; sourceTree = "<group>"; };
		4E19CAEB24EF7B63004E0AB5 /* WordTextViewCell.swift */ = {isa = PBXFileReference; lastKnownFileType = sourcecode.swift; path = WordTextViewCell.swift; sourceTree = "<group>"; };
		4E707DE624F0C7C3004F52B9 /* RecommendedWordCell.swift */ = {isa = PBXFileReference; lastKnownFileType = sourcecode.swift; path = RecommendedWordCell.swift; sourceTree = "<group>"; };
		4EA541FE24EE999F00EDB4A1 /* DefaultsKeys.swift */ = {isa = PBXFileReference; lastKnownFileType = sourcecode.swift; path = DefaultsKeys.swift; sourceTree = "<group>"; };
		4EA5420024EEA2B500EDB4A1 /* RecentSearchCell.swift */ = {isa = PBXFileReference; lastKnownFileType = sourcecode.swift; path = RecentSearchCell.swift; sourceTree = "<group>"; };
		4EB1C4BA24F0E05100C51A65 /* SearchResultCell.swift */ = {isa = PBXFileReference; lastKnownFileType = sourcecode.swift; path = SearchResultCell.swift; sourceTree = "<group>"; };
		4EB1C4BD24F0F3C300C51A65 /* Ex+UIImageView.swift */ = {isa = PBXFileReference; lastKnownFileType = sourcecode.swift; path = "Ex+UIImageView.swift"; sourceTree = "<group>"; };
		4EB1C4C024F0FC9600C51A65 /* SelectedAppController.swift */ = {isa = PBXFileReference; lastKnownFileType = sourcecode.swift; path = SelectedAppController.swift; sourceTree = "<group>"; };
		4EB1C4C224F0FF2C00C51A65 /* Reviews.swift */ = {isa = PBXFileReference; lastKnownFileType = sourcecode.swift; path = Reviews.swift; sourceTree = "<group>"; };
		4EB1C4C424F107AE00C51A65 /* DetailInfoCell.swift */ = {isa = PBXFileReference; lastKnownFileType = sourcecode.swift; path = DetailInfoCell.swift; sourceTree = "<group>"; };
		4EB1C4C824F117A600C51A65 /* ScreenshotsController.swift */ = {isa = PBXFileReference; lastKnownFileType = sourcecode.swift; path = ScreenshotsController.swift; sourceTree = "<group>"; };
		4EB1C4CA24F1200C00C51A65 /* PreScreenshotMainCell.swift */ = {isa = PBXFileReference; lastKnownFileType = sourcecode.swift; path = PreScreenshotMainCell.swift; sourceTree = "<group>"; };
		4EDFA31724F2B3F100EEB991 /* ReviewsDetailController.swift */ = {isa = PBXFileReference; lastKnownFileType = sourcecode.swift; path = ReviewsDetailController.swift; sourceTree = "<group>"; };
		4EDFA31924F2B47C00EEB991 /* ReviewListCell.swift */ = {isa = PBXFileReference; lastKnownFileType = sourcecode.swift; path = ReviewListCell.swift; sourceTree = "<group>"; };
		4EDFA31B24F2B64D00EEB991 /* ReviewCell.swift */ = {isa = PBXFileReference; lastKnownFileType = sourcecode.swift; path = ReviewCell.swift; sourceTree = "<group>"; };
		4EE10EB924EE51B30049E79E /* Appstore_Jeeeun.app */ = {isa = PBXFileReference; explicitFileType = wrapper.application; includeInIndex = 0; path = Appstore_Jeeeun.app; sourceTree = BUILT_PRODUCTS_DIR; };
		4EE10EBC24EE51B30049E79E /* AppDelegate.swift */ = {isa = PBXFileReference; lastKnownFileType = sourcecode.swift; path = AppDelegate.swift; sourceTree = "<group>"; };
		4EE10EC324EE51B30049E79E /* Base */ = {isa = PBXFileReference; lastKnownFileType = file.storyboard; name = Base; path = Base.lproj/Main.storyboard; sourceTree = "<group>"; };
		4EE10EC524EE51B50049E79E /* Assets.xcassets */ = {isa = PBXFileReference; lastKnownFileType = folder.assetcatalog; path = Assets.xcassets; sourceTree = "<group>"; };
		4EE10EC824EE51B50049E79E /* Base */ = {isa = PBXFileReference; lastKnownFileType = file.storyboard; name = Base; path = Base.lproj/LaunchScreen.storyboard; sourceTree = "<group>"; };
		4EE10ECA24EE51B50049E79E /* Info.plist */ = {isa = PBXFileReference; lastKnownFileType = text.plist.xml; path = Info.plist; sourceTree = "<group>"; };
		4EE10ED124EE52950049E79E /* MainTabController.swift */ = {isa = PBXFileReference; lastKnownFileType = sourcecode.swift; path = MainTabController.swift; sourceTree = "<group>"; };
		4EE10EDD24EE5AD50049E79E /* SearchViewController.swift */ = {isa = PBXFileReference; lastKnownFileType = sourcecode.swift; path = SearchViewController.swift; sourceTree = "<group>"; };
		4EE10EE724EE7C6C0049E79E /* FetchData.swift */ = {isa = PBXFileReference; lastKnownFileType = sourcecode.swift; path = FetchData.swift; sourceTree = "<group>"; };
		4EE10EEA24EE7CBA0049E79E /* SearchResult.swift */ = {isa = PBXFileReference; lastKnownFileType = sourcecode.swift; path = SearchResult.swift; sourceTree = "<group>"; };
		4EE10EED24EE819D0049E79E /* UIView+Layout.swift */ = {isa = PBXFileReference; lastKnownFileType = sourcecode.swift; path = "UIView+Layout.swift"; sourceTree = "<group>"; };
		7A27B40EBF4CFBF4CE93C32B /* Pods-Appstore_Jeeeun.release.xcconfig */ = {isa = PBXFileReference; includeInIndex = 1; lastKnownFileType = text.xcconfig; name = "Pods-Appstore_Jeeeun.release.xcconfig"; path = "Target Support Files/Pods-Appstore_Jeeeun/Pods-Appstore_Jeeeun.release.xcconfig"; sourceTree = "<group>"; };
		DF548AAB7C96FB27D795243E /* Pods_Appstore_Jeeeun.framework */ = {isa = PBXFileReference; explicitFileType = wrapper.framework; includeInIndex = 0; path = Pods_Appstore_Jeeeun.framework; sourceTree = BUILT_PRODUCTS_DIR; };
		EB4326B375247AD37D9D5129 /* Pods-Appstore_Jeeeun.debug.xcconfig */ = {isa = PBXFileReference; includeInIndex = 1; lastKnownFileType = text.xcconfig; name = "Pods-Appstore_Jeeeun.debug.xcconfig"; path = "Target Support Files/Pods-Appstore_Jeeeun/Pods-Appstore_Jeeeun.debug.xcconfig"; sourceTree = "<group>"; };
/* End PBXFileReference section */

/* Begin PBXFrameworksBuildPhase section */
		4EE10EB624EE51B30049E79E /* Frameworks */ = {
			isa = PBXFrameworksBuildPhase;
			buildActionMask = 2147483647;
			files = (
				23F98B4B6C7437908966519E /* Pods_Appstore_Jeeeun.framework in Frameworks */,
			);
			runOnlyForDeploymentPostprocessing = 0;
		};
/* End PBXFrameworksBuildPhase section */

/* Begin PBXGroup section */
		4EB1C4BC24F0E42F00C51A65 /* Extension */ = {
			isa = PBXGroup;
			children = (
				4EE10EED24EE819D0049E79E /* UIView+Layout.swift */,
				4EA541FE24EE999F00EDB4A1 /* DefaultsKeys.swift */,
				4EB1C4BD24F0F3C300C51A65 /* Ex+UIImageView.swift */,
			);
			path = Extension;
			sourceTree = "<group>";
		};
		4EB1C4BF24F0FC6700C51A65 /* AppDetailTableGroup */ = {
			isa = PBXGroup;
			children = (
				4EB1C4C424F107AE00C51A65 /* DetailInfoCell.swift */,
				4EB1C4C824F117A600C51A65 /* ScreenshotsController.swift */,
				4EB1C4CA24F1200C00C51A65 /* PreScreenshotMainCell.swift */,
				4EDFA31724F2B3F100EEB991 /* ReviewsDetailController.swift */,
				4EDFA31924F2B47C00EEB991 /* ReviewListCell.swift */,
				4EDFA31B24F2B64D00EEB991 /* ReviewCell.swift */,
			);
			path = AppDetailTableGroup;
			sourceTree = "<group>";
		};
		4EE10EB024EE51B30049E79E = {
			isa = PBXGroup;
			children = (
				4EE10EBB24EE51B30049E79E /* Appstore_Jeeeun */,
				4EE10EBA24EE51B30049E79E /* Products */,
				F09051396D5A707F96536FC6 /* Pods */,
				97FBE50CC37BEDC1EDEDB0CB /* Frameworks */,
			);
			sourceTree = "<group>";
		};
		4EE10EBA24EE51B30049E79E /* Products */ = {
			isa = PBXGroup;
			children = (
				4EE10EB924EE51B30049E79E /* Appstore_Jeeeun.app */,
			);
			name = Products;
			sourceTree = "<group>";
		};
		4EE10EBB24EE51B30049E79E /* Appstore_Jeeeun */ = {
			isa = PBXGroup;
			children = (
				4EB1C4BF24F0FC6700C51A65 /* AppDetailTableGroup */,
				4EB1C4BC24F0E42F00C51A65 /* Extension */,
				4EE10EE924EE7CAB0049E79E /* Model */,
				4EE10EE624EE7C410049E79E /* FetchData */,
				4EE10EE124EE74660049E79E /* SearchTableGroup */,
				4EE10ED024EE528B0049E79E /* Controller */,
				4EE10EBC24EE51B30049E79E /* AppDelegate.swift */,
				4EE10EC224EE51B30049E79E /* Main.storyboard */,
				4EE10EC524EE51B50049E79E /* Assets.xcassets */,
				4EE10EC724EE51B50049E79E /* LaunchScreen.storyboard */,
				4EE10ECA24EE51B50049E79E /* Info.plist */,
			);
			path = Appstore_Jeeeun;
			sourceTree = "<group>";
		};
		4EE10ED024EE528B0049E79E /* Controller */ = {
			isa = PBXGroup;
			children = (
				4EE10EDD24EE5AD50049E79E /* SearchViewController.swift */,
				4EE10ED124EE52950049E79E /* MainTabController.swift */,
				4E19CAE924EF77DC004E0AB5 /* WordTableViewController.swift */,
				4EB1C4C024F0FC9600C51A65 /* SelectedAppController.swift */,
			);
			path = Controller;
			sourceTree = "<group>";
		};
		4EE10EE124EE74660049E79E /* SearchTableGroup */ = {
			isa = PBXGroup;
			children = (
				4EA5420024EEA2B500EDB4A1 /* RecentSearchCell.swift */,
				4E19CAEB24EF7B63004E0AB5 /* WordTextViewCell.swift */,
				4E707DE624F0C7C3004F52B9 /* RecommendedWordCell.swift */,
				4EB1C4BA24F0E05100C51A65 /* SearchResultCell.swift */,
			);
			path = SearchTableGroup;
			sourceTree = "<group>";
		};
		4EE10EE624EE7C410049E79E /* FetchData */ = {
			isa = PBXGroup;
			children = (
				4EE10EE724EE7C6C0049E79E /* FetchData.swift */,
			);
			path = FetchData;
			sourceTree = "<group>";
		};
		4EE10EE924EE7CAB0049E79E /* Model */ = {
			isa = PBXGroup;
			children = (
				4EE10EEA24EE7CBA0049E79E /* SearchResult.swift */,
				4EB1C4C224F0FF2C00C51A65 /* Reviews.swift */,
			);
			path = Model;
			sourceTree = "<group>";
		};
		97FBE50CC37BEDC1EDEDB0CB /* Frameworks */ = {
			isa = PBXGroup;
			children = (
				DF548AAB7C96FB27D795243E /* Pods_Appstore_Jeeeun.framework */,
			);
			name = Frameworks;
			sourceTree = "<group>";
		};
		F09051396D5A707F96536FC6 /* Pods */ = {
			isa = PBXGroup;
			children = (
				EB4326B375247AD37D9D5129 /* Pods-Appstore_Jeeeun.debug.xcconfig */,
				7A27B40EBF4CFBF4CE93C32B /* Pods-Appstore_Jeeeun.release.xcconfig */,
			);
			path = Pods;
			sourceTree = "<group>";
		};
/* End PBXGroup section */

/* Begin PBXNativeTarget section */
		4EE10EB824EE51B30049E79E /* Appstore_Jeeeun */ = {
			isa = PBXNativeTarget;
			buildConfigurationList = 4EE10ECD24EE51B50049E79E /* Build configuration list for PBXNativeTarget "Appstore_Jeeeun" */;
			buildPhases = (
				9D9465F9C48EB90B52585515 /* [CP] Check Pods Manifest.lock */,
				4EE10EB524EE51B30049E79E /* Sources */,
				4EE10EB624EE51B30049E79E /* Frameworks */,
				4EE10EB724EE51B30049E79E /* Resources */,
				816539C383D90897F7FE9F2F /* [CP] Embed Pods Frameworks */,
			);
			buildRules = (
			);
			dependencies = (
			);
			name = Appstore_Jeeeun;
			productName = Appstore_Jeeeun;
			productReference = 4EE10EB924EE51B30049E79E /* Appstore_Jeeeun.app */;
			productType = "com.apple.product-type.application";
		};
/* End PBXNativeTarget section */

/* Begin PBXProject section */
		4EE10EB124EE51B30049E79E /* Project object */ = {
			isa = PBXProject;
			attributes = {
				LastSwiftUpdateCheck = 1160;
				LastUpgradeCheck = 1160;
				ORGANIZATIONNAME = "Jeeeun Lim";
				TargetAttributes = {
					4EE10EB824EE51B30049E79E = {
						CreatedOnToolsVersion = 11.6;
					};
				};
			};
			buildConfigurationList = 4EE10EB424EE51B30049E79E /* Build configuration list for PBXProject "Appstore_Jeeeun" */;
			compatibilityVersion = "Xcode 9.3";
			developmentRegion = en;
			hasScannedForEncodings = 0;
			knownRegions = (
				en,
				Base,
			);
			mainGroup = 4EE10EB024EE51B30049E79E;
			productRefGroup = 4EE10EBA24EE51B30049E79E /* Products */;
			projectDirPath = "";
			projectRoot = "";
			targets = (
				4EE10EB824EE51B30049E79E /* Appstore_Jeeeun */,
			);
		};
/* End PBXProject section */

/* Begin PBXResourcesBuildPhase section */
		4EE10EB724EE51B30049E79E /* Resources */ = {
			isa = PBXResourcesBuildPhase;
			buildActionMask = 2147483647;
			files = (
				4EE10EC924EE51B50049E79E /* LaunchScreen.storyboard in Resources */,
				4EE10EC624EE51B50049E79E /* Assets.xcassets in Resources */,
				4EE10EC424EE51B30049E79E /* Main.storyboard in Resources */,
			);
			runOnlyForDeploymentPostprocessing = 0;
		};
/* End PBXResourcesBuildPhase section */

/* Begin PBXShellScriptBuildPhase section */
		816539C383D90897F7FE9F2F /* [CP] Embed Pods Frameworks */ = {
			isa = PBXShellScriptBuildPhase;
			buildActionMask = 2147483647;
			files = (
			);
			inputFileListPaths = (
				"${PODS_ROOT}/Target Support Files/Pods-Appstore_Jeeeun/Pods-Appstore_Jeeeun-frameworks-${CONFIGURATION}-input-files.xcfilelist",
			);
			name = "[CP] Embed Pods Frameworks";
			outputFileListPaths = (
				"${PODS_ROOT}/Target Support Files/Pods-Appstore_Jeeeun/Pods-Appstore_Jeeeun-frameworks-${CONFIGURATION}-output-files.xcfilelist",
			);
			runOnlyForDeploymentPostprocessing = 0;
			shellPath = /bin/sh;
			shellScript = "\"${PODS_ROOT}/Target Support Files/Pods-Appstore_Jeeeun/Pods-Appstore_Jeeeun-frameworks.sh\"\n";
			showEnvVarsInLog = 0;
		};
		9D9465F9C48EB90B52585515 /* [CP] Check Pods Manifest.lock */ = {
			isa = PBXShellScriptBuildPhase;
			buildActionMask = 2147483647;
			files = (
			);
			inputFileListPaths = (
			);
			inputPaths = (
				"${PODS_PODFILE_DIR_PATH}/Podfile.lock",
				"${PODS_ROOT}/Manifest.lock",
			);
			name = "[CP] Check Pods Manifest.lock";
			outputFileListPaths = (
			);
			outputPaths = (
				"$(DERIVED_FILE_DIR)/Pods-Appstore_Jeeeun-checkManifestLockResult.txt",
			);
			runOnlyForDeploymentPostprocessing = 0;
			shellPath = /bin/sh;
			shellScript = "diff \"${PODS_PODFILE_DIR_PATH}/Podfile.lock\" \"${PODS_ROOT}/Manifest.lock\" > /dev/null\nif [ $? != 0 ] ; then\n    # print error to STDERR\n    echo \"error: The sandbox is not in sync with the Podfile.lock. Run 'pod install' or update your CocoaPods installation.\" >&2\n    exit 1\nfi\n# This output is used by Xcode 'outputs' to avoid re-running this script phase.\necho \"SUCCESS\" > \"${SCRIPT_OUTPUT_FILE_0}\"\n";
			showEnvVarsInLog = 0;
		};
/* End PBXShellScriptBuildPhase section */

/* Begin PBXSourcesBuildPhase section */
		4EE10EB524EE51B30049E79E /* Sources */ = {
			isa = PBXSourcesBuildPhase;
			buildActionMask = 2147483647;
			files = (
				4EB1C4C124F0FC9600C51A65 /* SelectedAppController.swift in Sources */,
				4EDFA31A24F2B47C00EEB991 /* ReviewListCell.swift in Sources */,
				4EB1C4C324F0FF2C00C51A65 /* Reviews.swift in Sources */,
				4EA541FF24EE999F00EDB4A1 /* DefaultsKeys.swift in Sources */,
				4E707DE724F0C7C3004F52B9 /* RecommendedWordCell.swift in Sources */,
				4EB1C4BE24F0F3C300C51A65 /* Ex+UIImageView.swift in Sources */,
				4EDFA31824F2B3F100EEB991 /* ReviewsDetailController.swift in Sources */,
				4EE10EEB24EE7CBA0049E79E /* SearchResult.swift in Sources */,
				4EE10EDE24EE5AD50049E79E /* SearchViewController.swift in Sources */,
				4EB1C4BB24F0E05100C51A65 /* SearchResultCell.swift in Sources */,
				4EB1C4C524F107AE00C51A65 /* DetailInfoCell.swift in Sources */,
				4EB1C4C924F117A600C51A65 /* ScreenshotsController.swift in Sources */,
				4E19CAEC24EF7B63004E0AB5 /* WordTextViewCell.swift in Sources */,
				4EDFA31C24F2B64D00EEB991 /* ReviewCell.swift in Sources */,
				4EE10EEE24EE819D0049E79E /* UIView+Layout.swift in Sources */,
				4EE10EBD24EE51B30049E79E /* AppDelegate.swift in Sources */,
				4EE10ED224EE52950049E79E /* MainTabController.swift in Sources */,
				4EE10EE824EE7C6C0049E79E /* FetchData.swift in Sources */,
				4E19CAEA24EF77DC004E0AB5 /* WordTableViewController.swift in Sources */,
				4EB1C4CB24F1200C00C51A65 /* PreScreenshotMainCell.swift in Sources */,
				4EA5420124EEA2B500EDB4A1 /* RecentSearchCell.swift in Sources */,
			);
			runOnlyForDeploymentPostprocessing = 0;
		};
/* End PBXSourcesBuildPhase section */

/* Begin PBXVariantGroup section */
		4EE10EC224EE51B30049E79E /* Main.storyboard */ = {
			isa = PBXVariantGroup;
			children = (
				4EE10EC324EE51B30049E79E /* Base */,
			);
			name = Main.storyboard;
			sourceTree = "<group>";
		};
		4EE10EC724EE51B50049E79E /* LaunchScreen.storyboard */ = {
			isa = PBXVariantGroup;
			children = (
				4EE10EC824EE51B50049E79E /* Base */,
			);
			name = LaunchScreen.storyboard;
			sourceTree = "<group>";
		};
/* End PBXVariantGroup section */

/* Begin XCBuildConfiguration section */
		4EE10ECB24EE51B50049E79E /* Debug */ = {
			isa = XCBuildConfiguration;
			buildSettings = {
				ALWAYS_SEARCH_USER_PATHS = NO;
				CLANG_ANALYZER_NONNULL = YES;
				CLANG_ANALYZER_NUMBER_OBJECT_CONVERSION = YES_AGGRESSIVE;
				CLANG_CXX_LANGUAGE_STANDARD = "gnu++14";
				CLANG_CXX_LIBRARY = "libc++";
				CLANG_ENABLE_MODULES = YES;
				CLANG_ENABLE_OBJC_ARC = YES;
				CLANG_ENABLE_OBJC_WEAK = YES;
				CLANG_WARN_BLOCK_CAPTURE_AUTORELEASING = YES;
				CLANG_WARN_BOOL_CONVERSION = YES;
				CLANG_WARN_COMMA = YES;
				CLANG_WARN_CONSTANT_CONVERSION = YES;
				CLANG_WARN_DEPRECATED_OBJC_IMPLEMENTATIONS = YES;
				CLANG_WARN_DIRECT_OBJC_ISA_USAGE = YES_ERROR;
				CLANG_WARN_DOCUMENTATION_COMMENTS = YES;
				CLANG_WARN_EMPTY_BODY = YES;
				CLANG_WARN_ENUM_CONVERSION = YES;
				CLANG_WARN_INFINITE_RECURSION = YES;
				CLANG_WARN_INT_CONVERSION = YES;
				CLANG_WARN_NON_LITERAL_NULL_CONVERSION = YES;
				CLANG_WARN_OBJC_IMPLICIT_RETAIN_SELF = YES;
				CLANG_WARN_OBJC_LITERAL_CONVERSION = YES;
				CLANG_WARN_OBJC_ROOT_CLASS = YES_ERROR;
				CLANG_WARN_RANGE_LOOP_ANALYSIS = YES;
				CLANG_WARN_STRICT_PROTOTYPES = YES;
				CLANG_WARN_SUSPICIOUS_MOVE = YES;
				CLANG_WARN_UNGUARDED_AVAILABILITY = YES_AGGRESSIVE;
				CLANG_WARN_UNREACHABLE_CODE = YES;
				CLANG_WARN__DUPLICATE_METHOD_MATCH = YES;
				COPY_PHASE_STRIP = NO;
				DEBUG_INFORMATION_FORMAT = dwarf;
				ENABLE_STRICT_OBJC_MSGSEND = YES;
				ENABLE_TESTABILITY = YES;
				GCC_C_LANGUAGE_STANDARD = gnu11;
				GCC_DYNAMIC_NO_PIC = NO;
				GCC_NO_COMMON_BLOCKS = YES;
				GCC_OPTIMIZATION_LEVEL = 0;
				GCC_PREPROCESSOR_DEFINITIONS = (
					"DEBUG=1",
					"$(inherited)",
				);
				GCC_WARN_64_TO_32_BIT_CONVERSION = YES;
				GCC_WARN_ABOUT_RETURN_TYPE = YES_ERROR;
				GCC_WARN_UNDECLARED_SELECTOR = YES;
				GCC_WARN_UNINITIALIZED_AUTOS = YES_AGGRESSIVE;
				GCC_WARN_UNUSED_FUNCTION = YES;
				GCC_WARN_UNUSED_VARIABLE = YES;
				IPHONEOS_DEPLOYMENT_TARGET = 13.6;
				MTL_ENABLE_DEBUG_INFO = INCLUDE_SOURCE;
				MTL_FAST_MATH = YES;
				ONLY_ACTIVE_ARCH = YES;
				SDKROOT = iphoneos;
				SWIFT_ACTIVE_COMPILATION_CONDITIONS = DEBUG;
				SWIFT_OPTIMIZATION_LEVEL = "-Onone";
			};
			name = Debug;
		};
		4EE10ECC24EE51B50049E79E /* Release */ = {
			isa = XCBuildConfiguration;
			buildSettings = {
				ALWAYS_SEARCH_USER_PATHS = NO;
				CLANG_ANALYZER_NONNULL = YES;
				CLANG_ANALYZER_NUMBER_OBJECT_CONVERSION = YES_AGGRESSIVE;
				CLANG_CXX_LANGUAGE_STANDARD = "gnu++14";
				CLANG_CXX_LIBRARY = "libc++";
				CLANG_ENABLE_MODULES = YES;
				CLANG_ENABLE_OBJC_ARC = YES;
				CLANG_ENABLE_OBJC_WEAK = YES;
				CLANG_WARN_BLOCK_CAPTURE_AUTORELEASING = YES;
				CLANG_WARN_BOOL_CONVERSION = YES;
				CLANG_WARN_COMMA = YES;
				CLANG_WARN_CONSTANT_CONVERSION = YES;
				CLANG_WARN_DEPRECATED_OBJC_IMPLEMENTATIONS = YES;
				CLANG_WARN_DIRECT_OBJC_ISA_USAGE = YES_ERROR;
				CLANG_WARN_DOCUMENTATION_COMMENTS = YES;
				CLANG_WARN_EMPTY_BODY = YES;
				CLANG_WARN_ENUM_CONVERSION = YES;
				CLANG_WARN_INFINITE_RECURSION = YES;
				CLANG_WARN_INT_CONVERSION = YES;
				CLANG_WARN_NON_LITERAL_NULL_CONVERSION = YES;
				CLANG_WARN_OBJC_IMPLICIT_RETAIN_SELF = YES;
				CLANG_WARN_OBJC_LITERAL_CONVERSION = YES;
				CLANG_WARN_OBJC_ROOT_CLASS = YES_ERROR;
				CLANG_WARN_RANGE_LOOP_ANALYSIS = YES;
				CLANG_WARN_STRICT_PROTOTYPES = YES;
				CLANG_WARN_SUSPICIOUS_MOVE = YES;
				CLANG_WARN_UNGUARDED_AVAILABILITY = YES_AGGRESSIVE;
				CLANG_WARN_UNREACHABLE_CODE = YES;
				CLANG_WARN__DUPLICATE_METHOD_MATCH = YES;
				COPY_PHASE_STRIP = NO;
				DEBUG_INFORMATION_FORMAT = "dwarf-with-dsym";
				ENABLE_NS_ASSERTIONS = NO;
				ENABLE_STRICT_OBJC_MSGSEND = YES;
				GCC_C_LANGUAGE_STANDARD = gnu11;
				GCC_NO_COMMON_BLOCKS = YES;
				GCC_WARN_64_TO_32_BIT_CONVERSION = YES;
				GCC_WARN_ABOUT_RETURN_TYPE = YES_ERROR;
				GCC_WARN_UNDECLARED_SELECTOR = YES;
				GCC_WARN_UNINITIALIZED_AUTOS = YES_AGGRESSIVE;
				GCC_WARN_UNUSED_FUNCTION = YES;
				GCC_WARN_UNUSED_VARIABLE = YES;
				IPHONEOS_DEPLOYMENT_TARGET = 13.6;
				MTL_ENABLE_DEBUG_INFO = NO;
				MTL_FAST_MATH = YES;
				SDKROOT = iphoneos;
				SWIFT_COMPILATION_MODE = wholemodule;
				SWIFT_OPTIMIZATION_LEVEL = "-O";
				VALIDATE_PRODUCT = YES;
			};
			name = Release;
		};
		4EE10ECE24EE51B50049E79E /* Debug */ = {
			isa = XCBuildConfiguration;
			baseConfigurationReference = EB4326B375247AD37D9D5129 /* Pods-Appstore_Jeeeun.debug.xcconfig */;
			buildSettings = {
				ASSETCATALOG_COMPILER_APPICON_NAME = AppIcon;
				CODE_SIGN_STYLE = Automatic;
				DEVELOPMENT_TEAM = B6JMV7B5M9;
				INFOPLIST_FILE = Appstore_Jeeeun/Info.plist;
				IPHONEOS_DEPLOYMENT_TARGET = 11.0;
				LD_RUNPATH_SEARCH_PATHS = (
					"$(inherited)",
					"@executable_path/Frameworks",
				);
				PRODUCT_BUNDLE_IDENTIFIER = "com.qualson.Appstore-Jeeeun";
				PRODUCT_NAME = "$(TARGET_NAME)";
				SWIFT_VERSION = 5.0;
				TARGETED_DEVICE_FAMILY = "1,2";
			};
			name = Debug;
		};
		4EE10ECF24EE51B50049E79E /* Release */ = {
			isa = XCBuildConfiguration;
			baseConfigurationReference = 7A27B40EBF4CFBF4CE93C32B /* Pods-Appstore_Jeeeun.release.xcconfig */;
			buildSettings = {
				ASSETCATALOG_COMPILER_APPICON_NAME = AppIcon;
				CODE_SIGN_STYLE = Automatic;
				DEVELOPMENT_TEAM = B6JMV7B5M9;
				INFOPLIST_FILE = Appstore_Jeeeun/Info.plist;
				IPHONEOS_DEPLOYMENT_TARGET = 11.0;
				LD_RUNPATH_SEARCH_PATHS = (
					"$(inherited)",
					"@executable_path/Frameworks",
				);
				PRODUCT_BUNDLE_IDENTIFIER = "com.qualson.Appstore-Jeeeun";
				PRODUCT_NAME = "$(TARGET_NAME)";
				SWIFT_VERSION = 5.0;
				TARGETED_DEVICE_FAMILY = "1,2";
			};
			name = Release;
		};
/* End XCBuildConfiguration section */

/* Begin XCConfigurationList section */
		4EE10EB424EE51B30049E79E /* Build configuration list for PBXProject "Appstore_Jeeeun" */ = {
			isa = XCConfigurationList;
			buildConfigurations = (
				4EE10ECB24EE51B50049E79E /* Debug */,
				4EE10ECC24EE51B50049E79E /* Release */,
			);
			defaultConfigurationIsVisible = 0;
			defaultConfigurationName = Release;
		};
		4EE10ECD24EE51B50049E79E /* Build configuration list for PBXNativeTarget "Appstore_Jeeeun" */ = {
			isa = XCConfigurationList;
			buildConfigurations = (
				4EE10ECE24EE51B50049E79E /* Debug */,
				4EE10ECF24EE51B50049E79E /* Release */,
			);
			defaultConfigurationIsVisible = 0;
			defaultConfigurationName = Release;
		};
/* End XCConfigurationList section */
	};
	rootObject = 4EE10EB124EE51B30049E79E /* Project object */;
}
